
Microsoft Visual Studio Solution File, Format Version 9.00
# Visual Studio 2005
Project("{E24C65DC-7377-472B-9ABA-BC803B73C61A}") = "G:\...\ASProxy\", "ASProxy\", "{AB85AFAD-31FB-4C68-AB80-BC3DF94753EB}"
	ProjectSection(WebsiteProperties) = preProject
		ProjectReferences = ""
		Debug.AspNetCompiler.VirtualPath = "/PrecompiledWeb"
		Debug.AspNetCompiler.PhysicalPath = "ASProxy\"
		Debug.AspNetCompiler.TargetPath = "PrecompiledWeb\"
		Debug.AspNetCompiler.Updateable = "true"
		Debug.AspNetCompiler.ForceOverwrite = "true"
		Debug.AspNetCompiler.FixedNames = "false"
		Debug.AspNetCompiler.Debug = "True"
		Release.AspNetCompiler.VirtualPath = "/PrecompiledWeb"
		Release.AspNetCompiler.PhysicalPath = "ASProxy\"
		Release.AspNetCompiler.TargetPath = "PrecompiledWeb\"
		Release.AspNetCompiler.Updateable = "true"
		Release.AspNetCompiler.ForceOverwrite = "true"
		Release.AspNetCompiler.FixedNames = "false"
		Release.AspNetCompiler.Debug = "False"
		VWDPort = "3000"
		VWDDynamicPort = "false"
		DefaultWebSiteLanguage = "Visual C#"
	EndProjectSection
EndProject
Global
	GlobalSection(SolutionConfigurationPlatforms) = preSolution
		Debug|.NET = Debug|.NET
		Debug|Any CPU = Debug|Any CPU
		Debug|Mixed Platforms = Debug|Mixed Platforms
		Release|.NET = Release|.NET
		Release|Any CPU = Release|Any CPU
		Release|Mixed Platforms = Release|Mixed Platforms
		Description = Surf the web with SalarSoft ASProxy
	EndGlobalSection
	GlobalSection(ProjectConfigurationPlatforms) = postSolution
		{AB85AFAD-31FB-4C68-AB80-BC3DF94753EB}.Debug|.NET.ActiveCfg = Debug|.NET
		{AB85AFAD-31FB-4C68-AB80-BC3DF94753EB}.Debug|.NET.Build.0 = Debug|.NET
		{AB85AFAD-31FB-4C68-AB80-BC3DF94753EB}.Debug|Any CPU.ActiveCfg = Debug|.NET
		{AB85AFAD-31FB-4C68-AB80-BC3DF94753EB}.Debug|Mixed Platforms.ActiveCfg = Debug|.NET
		{AB85AFAD-31FB-4C68-AB80-BC3DF94753EB}.Debug|Mixed Platforms.Build.0 = Debug|.NET
		{AB85AFAD-31FB-4C68-AB80-BC3DF94753EB}.Release|.NET.ActiveCfg = Debug|.NET
		{AB85AFAD-31FB-4C68-AB80-BC3DF94753EB}.Release|.NET.Build.0 = Debug|.NET
		{AB85AFAD-31FB-4C68-AB80-BC3DF94753EB}.Release|Any CPU.ActiveCfg = Debug|.NET
		{AB85AFAD-31FB-4C68-AB80-BC3DF94753EB}.Release|Mixed Platforms.ActiveCfg = Debug|.NET
		{AB85AFAD-31FB-4C68-AB80-BC3DF94753EB}.Release|Mixed Platforms.Build.0 = Debug|.NET
	EndGlobalSection
	GlobalSection(SolutionProperties) = preSolution
		HideSolutionNode = FALSE
	EndGlobalSection
EndGlobal
