
Microsoft Visual Studio Solution File, Format Version 10.00
# Visual Studio 2008
Project("{FAE04EC0-301F-11D3-BF4B-00C04F79EFBC}") = "SalarSoft.ASProxy", "SalarSoft.ASProxy\SalarSoft.ASProxy.csproj", "{B3B14BA8-D028-4B01-92B6-36D2E7F6CCB5}"
EndProject
Project("{E24C65DC-7377-472B-9ABA-BC803B73C61A}") = "ASProxy", "ASProxy\", "{77259228-316C-4500-8C64-D9E332438EA6}"
	ProjectSection(WebsiteProperties) = preProject
		TargetFramework = "2.0"
		ProjectReferences = "{B3B14BA8-D028-4B01-92B6-36D2E7F6CCB5}|SalarSoft.ASProxy.dll;"
		Debug.AspNetCompiler.VirtualPath = "/ASProxy"
		Debug.AspNetCompiler.PhysicalPath = "ASProxy\"
		Debug.AspNetCompiler.TargetPath = "PrecompiledWeb\ASProxy\"
		Debug.AspNetCompiler.Updateable = "true"
		Debug.AspNetCompiler.ForceOverwrite = "true"
		Debug.AspNetCompiler.FixedNames = "false"
		Debug.AspNetCompiler.Debug = "True"
		Release.AspNetCompiler.VirtualPath = "/ASProxy"
		Release.AspNetCompiler.PhysicalPath = "ASProxy\"
		Release.AspNetCompiler.TargetPath = "PrecompiledWeb\ASProxy\"
		Release.AspNetCompiler.Updateable = "true"
		Release.AspNetCompiler.ForceOverwrite = "true"
		Release.AspNetCompiler.FixedNames = "false"
		Release.AspNetCompiler.Debug = "False"
		VWDPort = "3000"
		VWDDynamicPort = "false"
	EndProjectSection
EndProject
Global
	GlobalSection(SolutionConfigurationPlatforms) = preSolution
		Debug|.NET = Debug|.NET
		Debug|Any CPU = Debug|Any CPU
		Debug|Mixed Platforms = Debug|Mixed Platforms
		Release|.NET = Release|.NET
		Release|Any CPU = Release|Any CPU
		Release|Mixed Platforms = Release|Mixed Platforms
		Trace|.NET = Trace|.NET
		Trace|Any CPU = Trace|Any CPU
		Trace|Mixed Platforms = Trace|Mixed Platforms
	EndGlobalSection
	GlobalSection(ProjectConfigurationPlatforms) = postSolution
		{B3B14BA8-D028-4B01-92B6-36D2E7F6CCB5}.Debug|.NET.ActiveCfg = Debug|Any CPU
		{B3B14BA8-D028-4B01-92B6-36D2E7F6CCB5}.Debug|Any CPU.ActiveCfg = Debug|Any CPU
		{B3B14BA8-D028-4B01-92B6-36D2E7F6CCB5}.Debug|Any CPU.Build.0 = Debug|Any CPU
		{B3B14BA8-D028-4B01-92B6-36D2E7F6CCB5}.Debug|Mixed Platforms.ActiveCfg = Debug|Any CPU
		{B3B14BA8-D028-4B01-92B6-36D2E7F6CCB5}.Debug|Mixed Platforms.Build.0 = Debug|Any CPU
		{B3B14BA8-D028-4B01-92B6-36D2E7F6CCB5}.Release|.NET.ActiveCfg = Release|Any CPU
		{B3B14BA8-D028-4B01-92B6-36D2E7F6CCB5}.Release|Any CPU.ActiveCfg = Release|Any CPU
		{B3B14BA8-D028-4B01-92B6-36D2E7F6CCB5}.Release|Any CPU.Build.0 = Release|Any CPU
		{B3B14BA8-D028-4B01-92B6-36D2E7F6CCB5}.Release|Mixed Platforms.ActiveCfg = Release|Any CPU
		{B3B14BA8-D028-4B01-92B6-36D2E7F6CCB5}.Release|Mixed Platforms.Build.0 = Release|Any CPU
		{B3B14BA8-D028-4B01-92B6-36D2E7F6CCB5}.Trace|.NET.ActiveCfg = Trace|Any CPU
		{B3B14BA8-D028-4B01-92B6-36D2E7F6CCB5}.Trace|Any CPU.ActiveCfg = Trace|Any CPU
		{B3B14BA8-D028-4B01-92B6-36D2E7F6CCB5}.Trace|Any CPU.Build.0 = Trace|Any CPU
		{B3B14BA8-D028-4B01-92B6-36D2E7F6CCB5}.Trace|Mixed Platforms.ActiveCfg = Trace|Any CPU
		{B3B14BA8-D028-4B01-92B6-36D2E7F6CCB5}.Trace|Mixed Platforms.Build.0 = Trace|Any CPU
		{77259228-316C-4500-8C64-D9E332438EA6}.Debug|.NET.ActiveCfg = Debug|.NET
		{77259228-316C-4500-8C64-D9E332438EA6}.Debug|.NET.Build.0 = Debug|.NET
		{77259228-316C-4500-8C64-D9E332438EA6}.Debug|Any CPU.ActiveCfg = Debug|.NET
		{77259228-316C-4500-8C64-D9E332438EA6}.Debug|Mixed Platforms.ActiveCfg = Debug|.NET
		{77259228-316C-4500-8C64-D9E332438EA6}.Debug|Mixed Platforms.Build.0 = Debug|.NET
		{77259228-316C-4500-8C64-D9E332438EA6}.Release|.NET.ActiveCfg = Debug|.NET
		{77259228-316C-4500-8C64-D9E332438EA6}.Release|.NET.Build.0 = Debug|.NET
		{77259228-316C-4500-8C64-D9E332438EA6}.Release|Any CPU.ActiveCfg = Debug|.NET
		{77259228-316C-4500-8C64-D9E332438EA6}.Release|Mixed Platforms.ActiveCfg = Debug|.NET
		{77259228-316C-4500-8C64-D9E332438EA6}.Release|Mixed Platforms.Build.0 = Debug|.NET
		{77259228-316C-4500-8C64-D9E332438EA6}.Trace|.NET.ActiveCfg = Debug|.NET
		{77259228-316C-4500-8C64-D9E332438EA6}.Trace|.NET.Build.0 = Debug|.NET
		{77259228-316C-4500-8C64-D9E332438EA6}.Trace|Any CPU.ActiveCfg = Debug|.NET
		{77259228-316C-4500-8C64-D9E332438EA6}.Trace|Mixed Platforms.ActiveCfg = Debug|.NET
		{77259228-316C-4500-8C64-D9E332438EA6}.Trace|Mixed Platforms.Build.0 = Debug|.NET
	EndGlobalSection
	GlobalSection(SolutionProperties) = preSolution
		HideSolutionNode = FALSE
	EndGlobalSection
EndGlobal
